
Microsoft Visual Studio Solution File, Format Version 12.00
# Visual Studio Version 17
VisualStudioVersion = 17.11.35222.181
MinimumVisualStudioVersion = 10.0.40219.1
Project("{9A19103F-16F7-4668-BE54-9A1E7A4F7556}") = "Esp32Configurator", "Esp32Configurator.csproj", "{634F0B26-A626-416D-B736-46EDFDC5BB04}"
EndProject
Global
	GlobalSection(SolutionConfigurationPlatforms) = preSolution
		Debug|Any CPU = Debug|Any CPU
		Release|Any CPU = Release|Any CPU
	EndGlobalSection
	GlobalSection(ProjectConfigurationPlatforms) = postSolution
		{634F0B26-A626-416D-B736-46EDFDC5BB04}.Debug|Any CPU.ActiveCfg = Debug|Any CPU
		{634F0B26-A626-416D-B736-46EDFDC5BB04}.Debug|Any CPU.Build.0 = Debug|Any CPU
		{634F0B26-A626-416D-B736-46EDFDC5BB04}.Release|Any CPU.ActiveCfg = Release|Any CPU
		{634F0B26-A626-416D-B736-46EDFDC5BB04}.Release|Any CPU.Build.0 = Release|Any CPU
	EndGlobalSection
	GlobalSection(SolutionProperties) = preSolution
		HideSolutionNode = FALSE
	EndGlobalSection
	GlobalSection(ExtensibilityGlobals) = postSolution
		SolutionGuid = {46A6DA6C-1D7F-4C4F-9D4F-41AA543EE386}
	EndGlobalSection
EndGlobal
